// !$*UTF8*$!
// MARK: - Version 1.1
// MARK: - History
// - 1.0 -> 1.1: Added references for Swift files in DragonShield and Views directories.
{
	archiveVersion = 1;
	classes = {
	};
	objectVersion = 77;
	objects = {

/* Begin PBXBuildFile section */
		B307908D2DF4D19B00AF445B /* UniformTypeIdentifiers.framework in Frameworks */ = {isa = PBXBuildFile; fileRef = B307908C2DF4D19A00AF445B /* UniformTypeIdentifiers.framework */; };
		B363B3802D9D921900619C86 /* Asset.swift in Sources */ = {isa = PBXBuildFile; fileRef = B363B37F2D9D921900619C86 /* Asset.swift */; };
				79AB2E09D3C340F4B12C9E77 /* AssetManager.swift in Sources */,
				8CAFBBAC2AF440818363B3EB /* DatabaseDiagnostics.swift in Sources */,
				D2F690A8BD5340E18B551B44 /* DatabaseManager+AccountTypes.swift in Sources */,
				FDA40DA91670420CAB5BBF58 /* DatabaseManager+Accounts.swift in Sources */,
				E093B82574B3489A8730E4B3 /* DatabaseManager+Configuration.swift in Sources */,
				64AFB97B251948DD8CC16B63 /* DatabaseManager+Currencies.swift in Sources */,
				5DD98F7751DD4ED5AE17B7DC /* DatabaseManager+Dashboard.swift in Sources */,
				5970384B350046A9867AC051 /* DatabaseManager+InstrumentTypes.swift in Sources */,
				784D9CF1BC564CA093CABDD7 /* DatabaseManager+Instruments.swift in Sources */,
				CE81E9448D8B42F78FEAFF4A /* DatabaseManager+OtherData.swift in Sources */,
				E2EE766E98B44A9AA6FF37CD /* DatabaseManager+Portfolios.swift in Sources */,
				A290E1A4C3284869A1235090 /* DatabaseManager+PositionReports.swift in Sources */,
				F3FE56F9DD0F4AC49ED853DB /* DatabaseManager+TransactionHistory.swift in Sources */,
				E4FF5898A7DC4596A838B45D /* DatabaseManager+TransactionTypes.swift in Sources */,
				4CF9BDB2F57642EC813C5541 /* DatabaseManager.swift in Sources */,
				D5B1722EBE294EF3BE1A21E0 /* DatabaseTest.swift in Sources */,
				215EA4011428401B9D2AE608 /* DragonShieldApp.swift in Sources */,
				7C830E5F3AC449FFBBEEE617 /* ImportManager.swift in Sources */,
				937ABB8F378E47759AFEE706 /* AccountTypesView.swift in Sources */,
				C92784B1A86A4706AAD0D1FA /* AddAccountTypeView.swift in Sources */,
				ABC436E144D845A389B14BBF /* AddInstrumentView.swift in Sources */,
				313CC0E4B10244E38EF99186 /* AssetMenuView.swift in Sources */,
				2942BD5E85234C2780A62F3B /* ContentView.swift in Sources */,
				821DC16F21FB43E3A0C1D294 /* CurrenciesView.swift in Sources */,
				F756B5C5EBB344FB802ECAED /* CustodyAccountsView.swift in Sources */,
				74882ADD9670481CAC05DBF3 /* DashboardView.swift in Sources */,
				7345D7AD87B2484CA1A6A3AC /* EditAccountTypeView.swift in Sources */,
				6533DBF1E61E474BAA9EC7E5 /* ImportStatementView.swift in Sources */,
				8EBA2BCEC48D4B998A0BE1AA /* InstrumentEditView.swift in Sources */,
				A58D10412E6740C6B62B75E3 /* InstrumentTypesView.swift in Sources */,
				481DFC618779443AAAF7B61E /* PortfolioView.swift in Sources */,
				48D31D7069984C5BB2CB71AB /* PositionsView.swift in Sources */,
				2BF22EA9F96B4CC091204E7A /* SettingsView.swift in Sources */,
				91A4A4F6738443E08018FC34 /* SidebarView.swift in Sources */,
				7BE2F35A54C446A6BD3E28BA /* TransactionHistoryView.swift in Sources */,
				27BF0D7C4C614929BE3BC5D1 /* TransactionTypesView.swift in Sources */,
				07F92E38A1A141AE9152EA8E /* TransactionsView.swift in Sources */,
		B37E7DA32D988B3800100262 /* libsqlite3.tbd in Frameworks */ = {isa = PBXBuildFile; fileRef = B37E7DA22D988B1D00100262 /* libsqlite3.tbd */; };
		B3ECBDE02DF4D581002110F4 /* SQLite in Frameworks */ = {isa = PBXBuildFile; productRef = B3ECBDDF2DF4D581002110F4 /* SQLite */; };
		B3ECBE992DFC8D26002110F4 /* README.md in Resources */ = {isa = PBXBuildFile; fileRef = B3ECBE982DFC8D26002110F4 /* README.md */; };
				79AB2E09D3C340F4B12C9E77 /* AssetManager.swift in Sources */ = {isa = PBXBuildFile; fileRef = 593BDB0E5FB04C40B657E5A0 /* AssetManager.swift */; };
				8CAFBBAC2AF440818363B3EB /* DatabaseDiagnostics.swift in Sources */ = {isa = PBXBuildFile; fileRef = 0B1AAE58CD264B8FB24FF086 /* DatabaseDiagnostics.swift */; };
				D2F690A8BD5340E18B551B44 /* DatabaseManager+AccountTypes.swift in Sources */ = {isa = PBXBuildFile; fileRef = ECD93C9F47EE4BE69A01A639 /* DatabaseManager+AccountTypes.swift */; };
				FDA40DA91670420CAB5BBF58 /* DatabaseManager+Accounts.swift in Sources */ = {isa = PBXBuildFile; fileRef = 8528EA01C50E489CA4CA994C /* DatabaseManager+Accounts.swift */; };
				E093B82574B3489A8730E4B3 /* DatabaseManager+Configuration.swift in Sources */ = {isa = PBXBuildFile; fileRef = 0F25816FA3E14DDB898BB363 /* DatabaseManager+Configuration.swift */; };
				64AFB97B251948DD8CC16B63 /* DatabaseManager+Currencies.swift in Sources */ = {isa = PBXBuildFile; fileRef = 570CB5A9B59F4E2CAB730C63 /* DatabaseManager+Currencies.swift */; };
				5DD98F7751DD4ED5AE17B7DC /* DatabaseManager+Dashboard.swift in Sources */ = {isa = PBXBuildFile; fileRef = FE80B1902A314246AE0FE31D /* DatabaseManager+Dashboard.swift */; };
				5970384B350046A9867AC051 /* DatabaseManager+InstrumentTypes.swift in Sources */ = {isa = PBXBuildFile; fileRef = CFECB761083D4AA09B8045C3 /* DatabaseManager+InstrumentTypes.swift */; };
				784D9CF1BC564CA093CABDD7 /* DatabaseManager+Instruments.swift in Sources */ = {isa = PBXBuildFile; fileRef = 135FF6E12B5D4F52AA645354 /* DatabaseManager+Instruments.swift */; };
				CE81E9448D8B42F78FEAFF4A /* DatabaseManager+OtherData.swift in Sources */ = {isa = PBXBuildFile; fileRef = 880CBEF9EA6B46F3917CE525 /* DatabaseManager+OtherData.swift */; };
				E2EE766E98B44A9AA6FF37CD /* DatabaseManager+Portfolios.swift in Sources */ = {isa = PBXBuildFile; fileRef = 174B9F54AFCB4299B7D8EF75 /* DatabaseManager+Portfolios.swift */; };
				A290E1A4C3284869A1235090 /* DatabaseManager+PositionReports.swift in Sources */ = {isa = PBXBuildFile; fileRef = 70954808DF534AA28B57E6D5 /* DatabaseManager+PositionReports.swift */; };
				F3FE56F9DD0F4AC49ED853DB /* DatabaseManager+TransactionHistory.swift in Sources */ = {isa = PBXBuildFile; fileRef = F6853475577D484D9725C430 /* DatabaseManager+TransactionHistory.swift */; };
				E4FF5898A7DC4596A838B45D /* DatabaseManager+TransactionTypes.swift in Sources */ = {isa = PBXBuildFile; fileRef = B4CC4C82B27F46F2A428F298 /* DatabaseManager+TransactionTypes.swift */; };
				4CF9BDB2F57642EC813C5541 /* DatabaseManager.swift in Sources */ = {isa = PBXBuildFile; fileRef = 99986B4BBC864C3AB363C0E1 /* DatabaseManager.swift */; };
				D5B1722EBE294EF3BE1A21E0 /* DatabaseTest.swift in Sources */ = {isa = PBXBuildFile; fileRef = 5887D2208C2149D19753E6D8 /* DatabaseTest.swift */; };
				215EA4011428401B9D2AE608 /* DragonShieldApp.swift in Sources */ = {isa = PBXBuildFile; fileRef = BAB64161A2494A3A99108D23 /* DragonShieldApp.swift */; };
				7C830E5F3AC449FFBBEEE617 /* ImportManager.swift in Sources */ = {isa = PBXBuildFile; fileRef = 9612A548B3DB40848562A219 /* ImportManager.swift */; };
				937ABB8F378E47759AFEE706 /* AccountTypesView.swift in Sources */ = {isa = PBXBuildFile; fileRef = CDC64D41323D44B794B71F94 /* AccountTypesView.swift */; };
				C92784B1A86A4706AAD0D1FA /* AddAccountTypeView.swift in Sources */ = {isa = PBXBuildFile; fileRef = 307EB3927E034818908E394C /* AddAccountTypeView.swift */; };
				ABC436E144D845A389B14BBF /* AddInstrumentView.swift in Sources */ = {isa = PBXBuildFile; fileRef = B123585C77AB440CABF4DB28 /* AddInstrumentView.swift */; };
				313CC0E4B10244E38EF99186 /* AssetMenuView.swift in Sources */ = {isa = PBXBuildFile; fileRef = 227896CDD8D748DA960284C9 /* AssetMenuView.swift */; };
				2942BD5E85234C2780A62F3B /* ContentView.swift in Sources */ = {isa = PBXBuildFile; fileRef = 176F4EAE5F824647AB756A32 /* ContentView.swift */; };
				821DC16F21FB43E3A0C1D294 /* CurrenciesView.swift in Sources */ = {isa = PBXBuildFile; fileRef = F8633736E38A4CE9B3C1C82B /* CurrenciesView.swift */; };
				F756B5C5EBB344FB802ECAED /* CustodyAccountsView.swift in Sources */ = {isa = PBXBuildFile; fileRef = 6F23AF37B8184BAABF3F7CA0 /* CustodyAccountsView.swift */; };
				74882ADD9670481CAC05DBF3 /* DashboardView.swift in Sources */ = {isa = PBXBuildFile; fileRef = 7CCF9C5A8A0F4B1F9833BD47 /* DashboardView.swift */; };
				7345D7AD87B2484CA1A6A3AC /* EditAccountTypeView.swift in Sources */ = {isa = PBXBuildFile; fileRef = 8FEAF808ACE1493C84D66469 /* EditAccountTypeView.swift */; };
				6533DBF1E61E474BAA9EC7E5 /* ImportStatementView.swift in Sources */ = {isa = PBXBuildFile; fileRef = 1A72E1CBB1A846669206ABC8 /* ImportStatementView.swift */; };
				8EBA2BCEC48D4B998A0BE1AA /* InstrumentEditView.swift in Sources */ = {isa = PBXBuildFile; fileRef = 5FC512F5BAD04BC6B64C73DB /* InstrumentEditView.swift */; };
				A58D10412E6740C6B62B75E3 /* InstrumentTypesView.swift in Sources */ = {isa = PBXBuildFile; fileRef = C7B0EF052AF4497E89CF8DAD /* InstrumentTypesView.swift */; };
				481DFC618779443AAAF7B61E /* PortfolioView.swift in Sources */ = {isa = PBXBuildFile; fileRef = 19F554EE1B3F4BDE949827CF /* PortfolioView.swift */; };
				48D31D7069984C5BB2CB71AB /* PositionsView.swift in Sources */ = {isa = PBXBuildFile; fileRef = E47A3A3B54A74840A8A14B7E /* PositionsView.swift */; };
				2BF22EA9F96B4CC091204E7A /* SettingsView.swift in Sources */ = {isa = PBXBuildFile; fileRef = 5BFF0804CA3C4F529FA6F3A0 /* SettingsView.swift */; };
				91A4A4F6738443E08018FC34 /* SidebarView.swift in Sources */ = {isa = PBXBuildFile; fileRef = AE430291FCC44E92A339CC60 /* SidebarView.swift */; };
				7BE2F35A54C446A6BD3E28BA /* TransactionHistoryView.swift in Sources */ = {isa = PBXBuildFile; fileRef = D99156FC233542119E722366 /* TransactionHistoryView.swift */; };
				27BF0D7C4C614929BE3BC5D1 /* TransactionTypesView.swift in Sources */ = {isa = PBXBuildFile; fileRef = 86346F7F5285488CB51DFFAB /* TransactionTypesView.swift */; };
				07F92E38A1A141AE9152EA8E /* TransactionsView.swift in Sources */ = {isa = PBXBuildFile; fileRef = 037940B28B284360AADE2897 /* TransactionsView.swift */; };
/* End PBXBuildFile section */

/* Begin PBXFileReference section */
		B307908C2DF4D19A00AF445B /* UniformTypeIdentifiers.framework */ = {isa = PBXFileReference; lastKnownFileType = wrapper.framework; name = UniformTypeIdentifiers.framework; path = System/Library/Frameworks/UniformTypeIdentifiers.framework; sourceTree = SDKROOT; };
		B363B37F2D9D921900619C86 /* Asset.swift */ = {isa = PBXFileReference; lastKnownFileType = sourcecode.swift; path = Asset.swift; sourceTree = "<group>"; };
		B37E7DA22D988B1D00100262 /* libsqlite3.tbd */ = {isa = PBXFileReference; lastKnownFileType = "sourcecode.text-based-dylib-definition"; name = libsqlite3.tbd; path = usr/lib/libsqlite3.tbd; sourceTree = SDKROOT; };
		B3933B0F2D98475A00DDA4C2 /* DragonShield.app */ = {isa = PBXFileReference; explicitFileType = wrapper.application; includeInIndex = 0; path = DragonShield.app; sourceTree = BUILT_PRODUCTS_DIR; };
		B3ECBE982DFC8D26002110F4 /* README.md */ = {isa = PBXFileReference; lastKnownFileType = net.daringfireball.markdown; path = README.md; sourceTree = "<group>"; };
				593BDB0E5FB04C40B657E5A0 /* AssetManager.swift */ = {isa = PBXFileReference; lastKnownFileType = sourcecode.swift; path = AssetManager.swift; sourceTree = "<group>"; };
				0B1AAE58CD264B8FB24FF086 /* DatabaseDiagnostics.swift */ = {isa = PBXFileReference; lastKnownFileType = sourcecode.swift; path = DatabaseDiagnostics.swift; sourceTree = "<group>"; };
				ECD93C9F47EE4BE69A01A639 /* DatabaseManager+AccountTypes.swift */ = {isa = PBXFileReference; lastKnownFileType = sourcecode.swift; path = DatabaseManager+AccountTypes.swift; sourceTree = "<group>"; };
				8528EA01C50E489CA4CA994C /* DatabaseManager+Accounts.swift */ = {isa = PBXFileReference; lastKnownFileType = sourcecode.swift; path = DatabaseManager+Accounts.swift; sourceTree = "<group>"; };
				0F25816FA3E14DDB898BB363 /* DatabaseManager+Configuration.swift */ = {isa = PBXFileReference; lastKnownFileType = sourcecode.swift; path = DatabaseManager+Configuration.swift; sourceTree = "<group>"; };
				570CB5A9B59F4E2CAB730C63 /* DatabaseManager+Currencies.swift */ = {isa = PBXFileReference; lastKnownFileType = sourcecode.swift; path = DatabaseManager+Currencies.swift; sourceTree = "<group>"; };
				FE80B1902A314246AE0FE31D /* DatabaseManager+Dashboard.swift */ = {isa = PBXFileReference; lastKnownFileType = sourcecode.swift; path = DatabaseManager+Dashboard.swift; sourceTree = "<group>"; };
				CFECB761083D4AA09B8045C3 /* DatabaseManager+InstrumentTypes.swift */ = {isa = PBXFileReference; lastKnownFileType = sourcecode.swift; path = DatabaseManager+InstrumentTypes.swift; sourceTree = "<group>"; };
				135FF6E12B5D4F52AA645354 /* DatabaseManager+Instruments.swift */ = {isa = PBXFileReference; lastKnownFileType = sourcecode.swift; path = DatabaseManager+Instruments.swift; sourceTree = "<group>"; };
				880CBEF9EA6B46F3917CE525 /* DatabaseManager+OtherData.swift */ = {isa = PBXFileReference; lastKnownFileType = sourcecode.swift; path = DatabaseManager+OtherData.swift; sourceTree = "<group>"; };
				174B9F54AFCB4299B7D8EF75 /* DatabaseManager+Portfolios.swift */ = {isa = PBXFileReference; lastKnownFileType = sourcecode.swift; path = DatabaseManager+Portfolios.swift; sourceTree = "<group>"; };
				70954808DF534AA28B57E6D5 /* DatabaseManager+PositionReports.swift */ = {isa = PBXFileReference; lastKnownFileType = sourcecode.swift; path = DatabaseManager+PositionReports.swift; sourceTree = "<group>"; };
				F6853475577D484D9725C430 /* DatabaseManager+TransactionHistory.swift */ = {isa = PBXFileReference; lastKnownFileType = sourcecode.swift; path = DatabaseManager+TransactionHistory.swift; sourceTree = "<group>"; };
				B4CC4C82B27F46F2A428F298 /* DatabaseManager+TransactionTypes.swift */ = {isa = PBXFileReference; lastKnownFileType = sourcecode.swift; path = DatabaseManager+TransactionTypes.swift; sourceTree = "<group>"; };
				99986B4BBC864C3AB363C0E1 /* DatabaseManager.swift */ = {isa = PBXFileReference; lastKnownFileType = sourcecode.swift; path = DatabaseManager.swift; sourceTree = "<group>"; };
				5887D2208C2149D19753E6D8 /* DatabaseTest.swift */ = {isa = PBXFileReference; lastKnownFileType = sourcecode.swift; path = DatabaseTest.swift; sourceTree = "<group>"; };
				BAB64161A2494A3A99108D23 /* DragonShieldApp.swift */ = {isa = PBXFileReference; lastKnownFileType = sourcecode.swift; path = DragonShieldApp.swift; sourceTree = "<group>"; };
				9612A548B3DB40848562A219 /* ImportManager.swift */ = {isa = PBXFileReference; lastKnownFileType = sourcecode.swift; path = ImportManager.swift; sourceTree = "<group>"; };
				CDC64D41323D44B794B71F94 /* AccountTypesView.swift */ = {isa = PBXFileReference; lastKnownFileType = sourcecode.swift; path = Views/AccountTypesView.swift; sourceTree = "<group>"; };
				307EB3927E034818908E394C /* AddAccountTypeView.swift */ = {isa = PBXFileReference; lastKnownFileType = sourcecode.swift; path = Views/AddAccountTypeView.swift; sourceTree = "<group>"; };
				B123585C77AB440CABF4DB28 /* AddInstrumentView.swift */ = {isa = PBXFileReference; lastKnownFileType = sourcecode.swift; path = Views/AddInstrumentView.swift; sourceTree = "<group>"; };
				227896CDD8D748DA960284C9 /* AssetMenuView.swift */ = {isa = PBXFileReference; lastKnownFileType = sourcecode.swift; path = Views/AssetMenuView.swift; sourceTree = "<group>"; };
				176F4EAE5F824647AB756A32 /* ContentView.swift */ = {isa = PBXFileReference; lastKnownFileType = sourcecode.swift; path = Views/ContentView.swift; sourceTree = "<group>"; };
				F8633736E38A4CE9B3C1C82B /* CurrenciesView.swift */ = {isa = PBXFileReference; lastKnownFileType = sourcecode.swift; path = Views/CurrenciesView.swift; sourceTree = "<group>"; };
				6F23AF37B8184BAABF3F7CA0 /* CustodyAccountsView.swift */ = {isa = PBXFileReference; lastKnownFileType = sourcecode.swift; path = Views/CustodyAccountsView.swift; sourceTree = "<group>"; };
				7CCF9C5A8A0F4B1F9833BD47 /* DashboardView.swift */ = {isa = PBXFileReference; lastKnownFileType = sourcecode.swift; path = Views/DashboardView.swift; sourceTree = "<group>"; };
				8FEAF808ACE1493C84D66469 /* EditAccountTypeView.swift */ = {isa = PBXFileReference; lastKnownFileType = sourcecode.swift; path = Views/EditAccountTypeView.swift; sourceTree = "<group>"; };
				1A72E1CBB1A846669206ABC8 /* ImportStatementView.swift */ = {isa = PBXFileReference; lastKnownFileType = sourcecode.swift; path = Views/ImportStatementView.swift; sourceTree = "<group>"; };
				5FC512F5BAD04BC6B64C73DB /* InstrumentEditView.swift */ = {isa = PBXFileReference; lastKnownFileType = sourcecode.swift; path = Views/InstrumentEditView.swift; sourceTree = "<group>"; };
				C7B0EF052AF4497E89CF8DAD /* InstrumentTypesView.swift */ = {isa = PBXFileReference; lastKnownFileType = sourcecode.swift; path = Views/InstrumentTypesView.swift; sourceTree = "<group>"; };
				19F554EE1B3F4BDE949827CF /* PortfolioView.swift */ = {isa = PBXFileReference; lastKnownFileType = sourcecode.swift; path = Views/PortfolioView.swift; sourceTree = "<group>"; };
				E47A3A3B54A74840A8A14B7E /* PositionsView.swift */ = {isa = PBXFileReference; lastKnownFileType = sourcecode.swift; path = Views/PositionsView.swift; sourceTree = "<group>"; };
				5BFF0804CA3C4F529FA6F3A0 /* SettingsView.swift */ = {isa = PBXFileReference; lastKnownFileType = sourcecode.swift; path = Views/SettingsView.swift; sourceTree = "<group>"; };
				AE430291FCC44E92A339CC60 /* SidebarView.swift */ = {isa = PBXFileReference; lastKnownFileType = sourcecode.swift; path = Views/SidebarView.swift; sourceTree = "<group>"; };
				D99156FC233542119E722366 /* TransactionHistoryView.swift */ = {isa = PBXFileReference; lastKnownFileType = sourcecode.swift; path = Views/TransactionHistoryView.swift; sourceTree = "<group>"; };
				86346F7F5285488CB51DFFAB /* TransactionTypesView.swift */ = {isa = PBXFileReference; lastKnownFileType = sourcecode.swift; path = Views/TransactionTypesView.swift; sourceTree = "<group>"; };
				037940B28B284360AADE2897 /* TransactionsView.swift */ = {isa = PBXFileReference; lastKnownFileType = sourcecode.swift; path = Views/TransactionsView.swift; sourceTree = "<group>"; };
/* End PBXFileReference section */

/* Begin PBXFileSystemSynchronizedRootGroup section */
		B3933B112D98475A00DDA4C2 /* DragonShield */ = {
			isa = PBXFileSystemSynchronizedRootGroup;
			path = DragonShield;
			sourceTree = "<group>";
		};
/* End PBXFileSystemSynchronizedRootGroup section */

/* Begin PBXFrameworksBuildPhase section */
		B3933B0C2D98475A00DDA4C2 /* Frameworks */ = {
			isa = PBXFrameworksBuildPhase;
			buildActionMask = 2147483647;
			files = (
				B3ECBDE02DF4D581002110F4 /* SQLite in Frameworks */,
				B307908D2DF4D19B00AF445B /* UniformTypeIdentifiers.framework in Frameworks */,
				B37E7DA32D988B3800100262 /* libsqlite3.tbd in Frameworks */,
			);
			runOnlyForDeploymentPostprocessing = 0;
		};
/* End PBXFrameworksBuildPhase section */

/* Begin PBXGroup section */
		B363B37E2D9D91BE00619C86 /* Model */ = {
			isa = PBXGroup;
			children = (
				B363B37F2D9D921900619C86 /* Asset.swift */,
			);
			path = Model;
			sourceTree = "<group>";
		};
		B37E7DA12D988B1D00100262 /* Frameworks */ = {
			isa = PBXGroup;
			children = (
				B307908C2DF4D19A00AF445B /* UniformTypeIdentifiers.framework */,
				B37E7DA22D988B1D00100262 /* libsqlite3.tbd */,
			);
			name = Frameworks;
			sourceTree = "<group>";
		};
		B3933B062D98475A00DDA4C2 = {
			isa = PBXGroup;
			children = (
				B363B37E2D9D91BE00619C86 /* Model */,
				B37E7DA12D988B1D00100262 /* Frameworks */,
				B3933B102D98475A00DDA4C2 /* Products */,
				B3933B112D98475A00DDA4C2 /* DragonShield */,
				B3ECBE982DFC8D26002110F4 /* README.md */,
			);
			sourceTree = "<group>";
		};
		B3933B102D98475A00DDA4C2 /* Products */ = {
			isa = PBXGroup;
			children = (
				B3933B0F2D98475A00DDA4C2 /* DragonShield.app */,
			);
			name = Products;
			sourceTree = "<group>";
		};
/* End PBXGroup section */

/* Begin PBXNativeTarget section */
		B3933B0E2D98475A00DDA4C2 /* DragonShield */ = {
			isa = PBXNativeTarget;
			buildConfigurationList = B3933B1E2D98475C00DDA4C2 /* Build configuration list for PBXNativeTarget "DragonShield" */;
			buildPhases = (
				B3933B0B2D98475A00DDA4C2 /* Sources */,
				B3933B0C2D98475A00DDA4C2 /* Frameworks */,
				B3933B0D2D98475A00DDA4C2 /* Resources */,
			);
			buildRules = (
			);
			dependencies = (
			);
			fileSystemSynchronizedGroups = (
				B3933B112D98475A00DDA4C2 /* DragonShield */,
			);
			name = DragonShield;
			packageProductDependencies = (
				B3ECBDDF2DF4D581002110F4 /* SQLite */,
			);
			productName = DragonShield;
			productReference = B3933B0F2D98475A00DDA4C2 /* DragonShield.app */;
			productType = "com.apple.product-type.application";
		};
/* End PBXNativeTarget section */

/* Begin PBXProject section */
		B3933B072D98475A00DDA4C2 /* Project object */ = {
			isa = PBXProject;
			attributes = {
				BuildIndependentTargetsInParallel = 1;
				LastSwiftUpdateCheck = 1620;
				LastUpgradeCheck = 1640;
				TargetAttributes = {
					B3933B0E2D98475A00DDA4C2 = {
						CreatedOnToolsVersion = 16.2;
					};
				};
			};
			buildConfigurationList = B3933B0A2D98475A00DDA4C2 /* Build configuration list for PBXProject "DragonShield" */;
			developmentRegion = en;
			hasScannedForEncodings = 0;
			knownRegions = (
				en,
				Base,
			);
			mainGroup = B3933B062D98475A00DDA4C2;
			minimizedProjectReferenceProxies = 1;
			packageReferences = (
				B3ECBDDE2DF4D581002110F4 /* XCRemoteSwiftPackageReference "SQLite.swift" */,
			);
			preferredProjectObjectVersion = 77;
			productRefGroup = B3933B102D98475A00DDA4C2 /* Products */;
			projectDirPath = "";
			projectRoot = "";
			targets = (
				B3933B0E2D98475A00DDA4C2 /* DragonShield */,
			);
		};
/* End PBXProject section */

/* Begin PBXResourcesBuildPhase section */
		B3933B0D2D98475A00DDA4C2 /* Resources */ = {
			isa = PBXResourcesBuildPhase;
			buildActionMask = 2147483647;
			files = (
				B3ECBE992DFC8D26002110F4 /* README.md in Resources */,
			);
			runOnlyForDeploymentPostprocessing = 0;
		};
/* End PBXResourcesBuildPhase section */

/* Begin PBXSourcesBuildPhase section */
		B3933B0B2D98475A00DDA4C2 /* Sources */ = {
			isa = PBXSourcesBuildPhase;
			buildActionMask = 2147483647;
			files = (
				B363B3802D9D921900619C86 /* Asset.swift in Sources */,
				79AB2E09D3C340F4B12C9E77 /* AssetManager.swift in Sources */,
				8CAFBBAC2AF440818363B3EB /* DatabaseDiagnostics.swift in Sources */,
				D2F690A8BD5340E18B551B44 /* DatabaseManager+AccountTypes.swift in Sources */,
				FDA40DA91670420CAB5BBF58 /* DatabaseManager+Accounts.swift in Sources */,
				E093B82574B3489A8730E4B3 /* DatabaseManager+Configuration.swift in Sources */,
				64AFB97B251948DD8CC16B63 /* DatabaseManager+Currencies.swift in Sources */,
				5DD98F7751DD4ED5AE17B7DC /* DatabaseManager+Dashboard.swift in Sources */,
				5970384B350046A9867AC051 /* DatabaseManager+InstrumentTypes.swift in Sources */,
				784D9CF1BC564CA093CABDD7 /* DatabaseManager+Instruments.swift in Sources */,
				CE81E9448D8B42F78FEAFF4A /* DatabaseManager+OtherData.swift in Sources */,
				E2EE766E98B44A9AA6FF37CD /* DatabaseManager+Portfolios.swift in Sources */,
				A290E1A4C3284869A1235090 /* DatabaseManager+PositionReports.swift in Sources */,
				F3FE56F9DD0F4AC49ED853DB /* DatabaseManager+TransactionHistory.swift in Sources */,
				E4FF5898A7DC4596A838B45D /* DatabaseManager+TransactionTypes.swift in Sources */,
				4CF9BDB2F57642EC813C5541 /* DatabaseManager.swift in Sources */,
				D5B1722EBE294EF3BE1A21E0 /* DatabaseTest.swift in Sources */,
				215EA4011428401B9D2AE608 /* DragonShieldApp.swift in Sources */,
				7C830E5F3AC449FFBBEEE617 /* ImportManager.swift in Sources */,
				937ABB8F378E47759AFEE706 /* AccountTypesView.swift in Sources */,
				C92784B1A86A4706AAD0D1FA /* AddAccountTypeView.swift in Sources */,
				ABC436E144D845A389B14BBF /* AddInstrumentView.swift in Sources */,
				313CC0E4B10244E38EF99186 /* AssetMenuView.swift in Sources */,
				2942BD5E85234C2780A62F3B /* ContentView.swift in Sources */,
				821DC16F21FB43E3A0C1D294 /* CurrenciesView.swift in Sources */,
				F756B5C5EBB344FB802ECAED /* CustodyAccountsView.swift in Sources */,
				74882ADD9670481CAC05DBF3 /* DashboardView.swift in Sources */,
				7345D7AD87B2484CA1A6A3AC /* EditAccountTypeView.swift in Sources */,
				6533DBF1E61E474BAA9EC7E5 /* ImportStatementView.swift in Sources */,
				8EBA2BCEC48D4B998A0BE1AA /* InstrumentEditView.swift in Sources */,
				A58D10412E6740C6B62B75E3 /* InstrumentTypesView.swift in Sources */,
				481DFC618779443AAAF7B61E /* PortfolioView.swift in Sources */,
				48D31D7069984C5BB2CB71AB /* PositionsView.swift in Sources */,
				2BF22EA9F96B4CC091204E7A /* SettingsView.swift in Sources */,
				91A4A4F6738443E08018FC34 /* SidebarView.swift in Sources */,
				7BE2F35A54C446A6BD3E28BA /* TransactionHistoryView.swift in Sources */,
				27BF0D7C4C614929BE3BC5D1 /* TransactionTypesView.swift in Sources */,
				07F92E38A1A141AE9152EA8E /* TransactionsView.swift in Sources */,
			);
			runOnlyForDeploymentPostprocessing = 0;
		};
/* End PBXSourcesBuildPhase section */

/* Begin XCBuildConfiguration section */
		B3933B1C2D98475C00DDA4C2 /* Debug */ = {
			isa = XCBuildConfiguration;
			buildSettings = {
				ALWAYS_SEARCH_USER_PATHS = NO;
				ASSETCATALOG_COMPILER_GENERATE_SWIFT_ASSET_SYMBOL_EXTENSIONS = YES;
				CLANG_ANALYZER_NONNULL = YES;
				CLANG_ANALYZER_NUMBER_OBJECT_CONVERSION = YES_AGGRESSIVE;
				CLANG_CXX_LANGUAGE_STANDARD = "gnu++20";
				CLANG_ENABLE_MODULES = YES;
				CLANG_ENABLE_OBJC_ARC = YES;
				CLANG_ENABLE_OBJC_WEAK = YES;
				CLANG_WARN_BLOCK_CAPTURE_AUTORELEASING = YES;
				CLANG_WARN_BOOL_CONVERSION = YES;
				CLANG_WARN_COMMA = YES;
				CLANG_WARN_CONSTANT_CONVERSION = YES;
				CLANG_WARN_DEPRECATED_OBJC_IMPLEMENTATIONS = YES;
				CLANG_WARN_DIRECT_OBJC_ISA_USAGE = YES_ERROR;
				CLANG_WARN_DOCUMENTATION_COMMENTS = YES;
				CLANG_WARN_EMPTY_BODY = YES;
				CLANG_WARN_ENUM_CONVERSION = YES;
				CLANG_WARN_INFINITE_RECURSION = YES;
				CLANG_WARN_INT_CONVERSION = YES;
				CLANG_WARN_NON_LITERAL_NULL_CONVERSION = YES;
				CLANG_WARN_OBJC_IMPLICIT_RETAIN_SELF = YES;
				CLANG_WARN_OBJC_LITERAL_CONVERSION = YES;
				CLANG_WARN_OBJC_ROOT_CLASS = YES_ERROR;
				CLANG_WARN_QUOTED_INCLUDE_IN_FRAMEWORK_HEADER = YES;
				CLANG_WARN_RANGE_LOOP_ANALYSIS = YES;
				CLANG_WARN_STRICT_PROTOTYPES = YES;
				CLANG_WARN_SUSPICIOUS_MOVE = YES;
				CLANG_WARN_UNGUARDED_AVAILABILITY = YES_AGGRESSIVE;
				CLANG_WARN_UNREACHABLE_CODE = YES;
				CLANG_WARN__DUPLICATE_METHOD_MATCH = YES;
				COPY_PHASE_STRIP = NO;
				DEAD_CODE_STRIPPING = YES;
				DEBUG_INFORMATION_FORMAT = dwarf;
				ENABLE_STRICT_OBJC_MSGSEND = YES;
				ENABLE_TESTABILITY = YES;
				ENABLE_USER_SCRIPT_SANDBOXING = YES;
				GCC_C_LANGUAGE_STANDARD = gnu17;
				GCC_DYNAMIC_NO_PIC = NO;
				GCC_NO_COMMON_BLOCKS = YES;
				GCC_OPTIMIZATION_LEVEL = 0;
				GCC_PREPROCESSOR_DEFINITIONS = (
					"DEBUG=1",
					"$(inherited)",
				);
				GCC_WARN_64_TO_32_BIT_CONVERSION = YES;
				GCC_WARN_ABOUT_RETURN_TYPE = YES_ERROR;
				GCC_WARN_UNDECLARED_SELECTOR = YES;
				GCC_WARN_UNINITIALIZED_AUTOS = YES_AGGRESSIVE;
				GCC_WARN_UNUSED_FUNCTION = YES;
				GCC_WARN_UNUSED_VARIABLE = YES;
				LOCALIZATION_PREFERS_STRING_CATALOGS = YES;
				MACOSX_DEPLOYMENT_TARGET = 15.2;
				MTL_ENABLE_DEBUG_INFO = INCLUDE_SOURCE;
				MTL_FAST_MATH = YES;
				ONLY_ACTIVE_ARCH = YES;
				SDKROOT = macosx;
				SWIFT_ACTIVE_COMPILATION_CONDITIONS = "DEBUG $(inherited)";
				SWIFT_OPTIMIZATION_LEVEL = "-Onone";
			};
			name = Debug;
		};
		B3933B1D2D98475C00DDA4C2 /* Release */ = {
			isa = XCBuildConfiguration;
			buildSettings = {
				ALWAYS_SEARCH_USER_PATHS = NO;
				ASSETCATALOG_COMPILER_GENERATE_SWIFT_ASSET_SYMBOL_EXTENSIONS = YES;
				CLANG_ANALYZER_NONNULL = YES;
				CLANG_ANALYZER_NUMBER_OBJECT_CONVERSION = YES_AGGRESSIVE;
				CLANG_CXX_LANGUAGE_STANDARD = "gnu++20";
				CLANG_ENABLE_MODULES = YES;
				CLANG_ENABLE_OBJC_ARC = YES;
				CLANG_ENABLE_OBJC_WEAK = YES;
				CLANG_WARN_BLOCK_CAPTURE_AUTORELEASING = YES;
				CLANG_WARN_BOOL_CONVERSION = YES;
				CLANG_WARN_COMMA = YES;
				CLANG_WARN_CONSTANT_CONVERSION = YES;
				CLANG_WARN_DEPRECATED_OBJC_IMPLEMENTATIONS = YES;
				CLANG_WARN_DIRECT_OBJC_ISA_USAGE = YES_ERROR;
				CLANG_WARN_DOCUMENTATION_COMMENTS = YES;
				CLANG_WARN_EMPTY_BODY = YES;
				CLANG_WARN_ENUM_CONVERSION = YES;
				CLANG_WARN_INFINITE_RECURSION = YES;
				CLANG_WARN_INT_CONVERSION = YES;
				CLANG_WARN_NON_LITERAL_NULL_CONVERSION = YES;
				CLANG_WARN_OBJC_IMPLICIT_RETAIN_SELF = YES;
				CLANG_WARN_OBJC_LITERAL_CONVERSION = YES;
				CLANG_WARN_OBJC_ROOT_CLASS = YES_ERROR;
				CLANG_WARN_QUOTED_INCLUDE_IN_FRAMEWORK_HEADER = YES;
				CLANG_WARN_RANGE_LOOP_ANALYSIS = YES;
				CLANG_WARN_STRICT_PROTOTYPES = YES;
				CLANG_WARN_SUSPICIOUS_MOVE = YES;
				CLANG_WARN_UNGUARDED_AVAILABILITY = YES_AGGRESSIVE;
				CLANG_WARN_UNREACHABLE_CODE = YES;
				CLANG_WARN__DUPLICATE_METHOD_MATCH = YES;
				COPY_PHASE_STRIP = NO;
				DEAD_CODE_STRIPPING = YES;
				DEBUG_INFORMATION_FORMAT = "dwarf-with-dsym";
				ENABLE_NS_ASSERTIONS = NO;
				ENABLE_STRICT_OBJC_MSGSEND = YES;
				ENABLE_USER_SCRIPT_SANDBOXING = YES;
				GCC_C_LANGUAGE_STANDARD = gnu17;
				GCC_NO_COMMON_BLOCKS = YES;
				GCC_WARN_64_TO_32_BIT_CONVERSION = YES;
				GCC_WARN_ABOUT_RETURN_TYPE = YES_ERROR;
				GCC_WARN_UNDECLARED_SELECTOR = YES;
				GCC_WARN_UNINITIALIZED_AUTOS = YES_AGGRESSIVE;
				GCC_WARN_UNUSED_FUNCTION = YES;
				GCC_WARN_UNUSED_VARIABLE = YES;
				LOCALIZATION_PREFERS_STRING_CATALOGS = YES;
				MACOSX_DEPLOYMENT_TARGET = 15.2;
				MTL_ENABLE_DEBUG_INFO = NO;
				MTL_FAST_MATH = YES;
				SDKROOT = macosx;
				SWIFT_COMPILATION_MODE = wholemodule;
			};
			name = Release;
		};
		B3933B1F2D98475C00DDA4C2 /* Debug */ = {
			isa = XCBuildConfiguration;
			buildSettings = {
				ASSETCATALOG_COMPILER_APPICON_NAME = AppIcon;
				ASSETCATALOG_COMPILER_GLOBAL_ACCENT_COLOR_NAME = AccentColor;
				CODE_SIGN_ENTITLEMENTS = DragonShield/DragonShield.entitlements;
				CODE_SIGN_STYLE = Automatic;
				COMBINE_HIDPI_IMAGES = YES;
				CURRENT_PROJECT_VERSION = 2;
				DEAD_CODE_STRIPPING = YES;
				DEVELOPMENT_ASSET_PATHS = "\"DragonShield/Preview Content\"";
				ENABLE_PREVIEWS = YES;
				GENERATE_INFOPLIST_FILE = YES;
				INFOPLIST_KEY_CFBundleDisplayName = "Dragon Shield";
				INFOPLIST_KEY_LSApplicationCategoryType = "public.app-category.finance";
				INFOPLIST_KEY_NSHumanReadableCopyright = "";
				LD_RUNPATH_SEARCH_PATHS = (
					"$(inherited)",
					"@executable_path/../Frameworks",
				);
				MARKETING_VERSION = 1.1;
				PRODUCT_BUNDLE_IDENTIFIER = com.rene.DragonShield;
				PRODUCT_NAME = "$(TARGET_NAME)";
				SWIFT_EMIT_LOC_STRINGS = YES;
				SWIFT_OBJC_BRIDGING_HEADER = "DragonShield/DragonShield-Bridging-Header.h";
				SWIFT_VERSION = 5.0;
			};
			name = Debug;
		};
		B3933B202D98475C00DDA4C2 /* Release */ = {
			isa = XCBuildConfiguration;
			buildSettings = {
				ASSETCATALOG_COMPILER_APPICON_NAME = AppIcon;
				ASSETCATALOG_COMPILER_GLOBAL_ACCENT_COLOR_NAME = AccentColor;
				CODE_SIGN_ENTITLEMENTS = DragonShield/DragonShield.entitlements;
				CODE_SIGN_STYLE = Automatic;
				COMBINE_HIDPI_IMAGES = YES;
				CURRENT_PROJECT_VERSION = 2;
				DEAD_CODE_STRIPPING = YES;
				DEVELOPMENT_ASSET_PATHS = "\"DragonShield/Preview Content\"";
				ENABLE_PREVIEWS = YES;
				GENERATE_INFOPLIST_FILE = YES;
				INFOPLIST_KEY_CFBundleDisplayName = "Dragon Shield";
				INFOPLIST_KEY_LSApplicationCategoryType = "public.app-category.finance";
				INFOPLIST_KEY_NSHumanReadableCopyright = "";
				LD_RUNPATH_SEARCH_PATHS = (
					"$(inherited)",
					"@executable_path/../Frameworks",
				);
				MARKETING_VERSION = 1.1;
				PRODUCT_BUNDLE_IDENTIFIER = com.rene.DragonShield;
				PRODUCT_NAME = "$(TARGET_NAME)";
				SWIFT_EMIT_LOC_STRINGS = YES;
				SWIFT_OBJC_BRIDGING_HEADER = "DragonShield/DragonShield-Bridging-Header.h";
				SWIFT_VERSION = 5.0;
			};
			name = Release;
		};
/* End XCBuildConfiguration section */

/* Begin XCConfigurationList section */
		B3933B0A2D98475A00DDA4C2 /* Build configuration list for PBXProject "DragonShield" */ = {
			isa = XCConfigurationList;
			buildConfigurations = (
				B3933B1C2D98475C00DDA4C2 /* Debug */,
				B3933B1D2D98475C00DDA4C2 /* Release */,
			);
			defaultConfigurationIsVisible = 0;
			defaultConfigurationName = Release;
		};
		B3933B1E2D98475C00DDA4C2 /* Build configuration list for PBXNativeTarget "DragonShield" */ = {
			isa = XCConfigurationList;
			buildConfigurations = (
				B3933B1F2D98475C00DDA4C2 /* Debug */,
				B3933B202D98475C00DDA4C2 /* Release */,
			);
			defaultConfigurationIsVisible = 0;
			defaultConfigurationName = Release;
		};
/* End XCConfigurationList section */

/* Begin XCRemoteSwiftPackageReference section */
		B3ECBDDE2DF4D581002110F4 /* XCRemoteSwiftPackageReference "SQLite.swift" */ = {
			isa = XCRemoteSwiftPackageReference;
			repositoryURL = "https://github.com/stephencelis/SQLite.swift.git";
			requirement = {
				kind = upToNextMajorVersion;
				minimumVersion = 0.15.3;
			};
		};
/* End XCRemoteSwiftPackageReference section */

/* Begin XCSwiftPackageProductDependency section */
		B3ECBDDF2DF4D581002110F4 /* SQLite */ = {
			isa = XCSwiftPackageProductDependency;
			package = B3ECBDDE2DF4D581002110F4 /* XCRemoteSwiftPackageReference "SQLite.swift" */;
			productName = SQLite;
		};
/* End XCSwiftPackageProductDependency section */
	};
	rootObject = B3933B072D98475A00DDA4C2 /* Project object */;
}
// MARK: - Version History
// 1.1 - Added references for Swift files to PBXSourcesBuildPhase. (2025-06-30)
