// !$*UTF8*$!
{
	archiveVersion = 1;
	classes = {
	};
	objectVersion = 77;
	objects = {

/* Begin PBXBuildFile section */
                B307908D2DF4D19B00AF445B /* UniformTypeIdentifiers.framework in Frameworks */ = {isa = PBXBuildFile; fileRef = B307908C2DF4D19A00AF445B /* UniformTypeIdentifiers.framework */; };
                B363B3802D9D921900619C86 /* Asset.swift in Sources */ = {isa = PBXBuildFile; fileRef = B363B37F2D9D921900619C86 /* Asset.swift */; };
                B37E7DA32D988B3800100262 /* libsqlite3.tbd in Frameworks */ = {isa = PBXBuildFile; fileRef = B37E7DA22D988B1D00100262 /* libsqlite3.tbd */; };
                B3ECBDE02DF4D581002110F4 /* SQLite in Frameworks */ = {isa = PBXBuildFile; productRef = B3ECBDDF2DF4D581002110F4 /* SQLite */; };
                B839898A54334DC74BB3C830 /* Core in Frameworks */ = {isa = PBXBuildFile; productRef = 26F183505F1CB422C026D74F /* Core */; };
                B3ECBE992DFC8D26002110F4 /* README.md in Resources */ = {isa = PBXBuildFile; fileRef = B3ECBE982DFC8D26002110F4 /* README.md */; };
/* End PBXBuildFile section */

/* Begin PBXFileReference section */
		B307908C2DF4D19A00AF445B /* UniformTypeIdentifiers.framework */ = {isa = PBXFileReference; lastKnownFileType = wrapper.framework; name = UniformTypeIdentifiers.framework; path = System/Library/Frameworks/UniformTypeIdentifiers.framework; sourceTree = SDKROOT; };
		B363B37F2D9D921900619C86 /* Asset.swift */ = {isa = PBXFileReference; lastKnownFileType = sourcecode.swift; path = Asset.swift; sourceTree = "<group>"; };
		B37E7DA22D988B1D00100262 /* libsqlite3.tbd */ = {isa = PBXFileReference; lastKnownFileType = "sourcecode.text-based-dylib-definition"; name = libsqlite3.tbd; path = usr/lib/libsqlite3.tbd; sourceTree = SDKROOT; };
		B3933B0F2D98475A00DDA4C2 /* DragonShield.app */ = {isa = PBXFileReference; explicitFileType = wrapper.application; includeInIndex = 0; path = DragonShield.app; sourceTree = BUILT_PRODUCTS_DIR; };
		B3ECBE982DFC8D26002110F4 /* README.md */ = {isa = PBXFileReference; lastKnownFileType = net.daringfireball.markdown; path = README.md; sourceTree = "<group>"; };
/* End PBXFileReference section */

/* Begin PBXFileSystemSynchronizedRootGroup section */
		B3933B112D98475A00DDA4C2 /* DragonShield */ = {
			isa = PBXFileSystemSynchronizedRootGroup;
			path = DragonShield;
			sourceTree = "<group>";
		};
/* End PBXFileSystemSynchronizedRootGroup section */

/* Begin PBXFrameworksBuildPhase section */
                B3933B0C2D98475A00DDA4C2 /* Frameworks */ = {
                        isa = PBXFrameworksBuildPhase;
                        buildActionMask = 2147483647;
                        files = (
                                B839898A54334DC74BB3C830 /* Core in Frameworks */,
                                B3ECBDE02DF4D581002110F4 /* SQLite in Frameworks */,
                                B307908D2DF4D19B00AF445B /* UniformTypeIdentifiers.framework in Frameworks */,
                                B37E7DA32D988B3800100262 /* libsqlite3.tbd in Frameworks */,
                        );
                        runOnlyForDeploymentPostprocessing = 0;
                };
/* End PBXFrameworksBuildPhase section */

/* Begin PBXGroup section */
		B363B37E2D9D91BE00619C86 /* Model */ = {
			isa = PBXGroup;
			children = (
				B363B37F2D9D921900619C86 /* Asset.swift */,
			);
			path = Model;
			sourceTree = "<group>";
		};
		B37E7DA12D988B1D00100262 /* Frameworks */ = {
			isa = PBXGroup;
			children = (
				B307908C2DF4D19A00AF445B /* UniformTypeIdentifiers.framework */,
				B37E7DA22D988B1D00100262 /* libsqlite3.tbd */,
			);
			name = Frameworks;
			sourceTree = "<group>";
		};
		B3933B062D98475A00DDA4C2 = {
			isa = PBXGroup;
			children = (
				B363B37E2D9D91BE00619C86 /* Model */,
				B37E7DA12D988B1D00100262 /* Frameworks */,
				B3933B102D98475A00DDA4C2 /* Products */,
				B3933B112D98475A00DDA4C2 /* DragonShield */,
				B3ECBE982DFC8D26002110F4 /* README.md */,
			);
			sourceTree = "<group>";
		};
		B3933B102D98475A00DDA4C2 /* Products */ = {
			isa = PBXGroup;
			children = (
				B3933B0F2D98475A00DDA4C2 /* DragonShield.app */,
			);
			name = Products;
			sourceTree = "<group>";
		};
/* End PBXGroup section */

/* Begin PBXNativeTarget section */
		B3933B0E2D98475A00DDA4C2 /* DragonShield */ = {
			isa = PBXNativeTarget;
			buildConfigurationList = B3933B1E2D98475C00DDA4C2 /* Build configuration list for PBXNativeTarget "DragonShield" */;
			buildPhases = (
				B3933B0B2D98475A00DDA4C2 /* Sources */,
				B3933B0C2D98475A00DDA4C2 /* Frameworks */,
				B3933B0D2D98475A00DDA4C2 /* Resources */,
			);
			buildRules = (
			);
			dependencies = (
			);
                        fileSystemSynchronizedGroups = (
                                B3933B112D98475A00DDA4C2 /* DragonShield */,
                        );
                        name = DragonShield;
                        packageProductDependencies = (
                                26F183505F1CB422C026D74F /* Core */,
                                B3ECBDDF2DF4D581002110F4 /* SQLite */,
                        );
                        productName = DragonShield;
                        productReference = B3933B0F2D98475A00DDA4C2 /* DragonShield.app */;
                        productType = "com.apple.product-type.application";
		};
/* End PBXNativeTarget section */

/* Begin PBXProject section */
		B3933B072D98475A00DDA4C2 /* Project object */ = {
			isa = PBXProject;
			attributes = {
				BuildIndependentTargetsInParallel = 1;
				LastSwiftUpdateCheck = 1620;
				LastUpgradeCheck = 1640;
				TargetAttributes = {
					B3933B0E2D98475A00DDA4C2 = {
						CreatedOnToolsVersion = 16.2;
					};
				};
			};
			buildConfigurationList = B3933B0A2D98475A00DDA4C2 /* Build configuration list for PBXProject "DragonShield" */;
			developmentRegion = en;
			hasScannedForEncodings = 0;
                        knownRegions = (
                                en,
                                Base,
                        );
                        mainGroup = B3933B062D98475A00DDA4C2;
                        minimizedProjectReferenceProxies = 1;
                        packageReferences = (
                                5EB12EB49B4E8E076C91388D /* XCLocalSwiftPackageReference "DragonShield" */,
                                B3ECBDDE2DF4D581002110F4 /* XCRemoteSwiftPackageReference "SQLite.swift" */,
                        );
                        preferredProjectObjectVersion = 77;
                        productRefGroup = B3933B102D98475A00DDA4C2 /* Products */;
                        projectDirPath = "";
			projectRoot = "";
			targets = (
				B3933B0E2D98475A00DDA4C2 /* DragonShield */,
			);
		};
/* End PBXProject section */

/* Begin PBXResourcesBuildPhase section */
		B3933B0D2D98475A00DDA4C2 /* Resources */ = {
			isa = PBXResourcesBuildPhase;
			buildActionMask = 2147483647;
			files = (
				B3ECBE992DFC8D26002110F4 /* README.md in Resources */,
			);
			runOnlyForDeploymentPostprocessing = 0;
		};
/* End PBXResourcesBuildPhase section */

/* Begin PBXSourcesBuildPhase section */
		B3933B0B2D98475A00DDA4C2 /* Sources */ = {
			isa = PBXSourcesBuildPhase;
			buildActionMask = 2147483647;
			files = (
				B363B3802D9D921900619C86 /* Asset.swift in Sources */,
			);
			runOnlyForDeploymentPostprocessing = 0;
		};
/* End PBXSourcesBuildPhase section */

/* Begin XCBuildConfiguration section */
		B3933B1C2D98475C00DDA4C2 /* Debug */ = {
			isa = XCBuildConfiguration;
			buildSettings = {
				ALWAYS_SEARCH_USER_PATHS = NO;
				ASSETCATALOG_COMPILER_GENERATE_SWIFT_ASSET_SYMBOL_EXTENSIONS = YES;
				CLANG_ANALYZER_NONNULL = YES;
				CLANG_ANALYZER_NUMBER_OBJECT_CONVERSION = YES_AGGRESSIVE;
				CLANG_CXX_LANGUAGE_STANDARD = "gnu++20";
				CLANG_ENABLE_MODULES = YES;
				CLANG_ENABLE_OBJC_ARC = YES;
				CLANG_ENABLE_OBJC_WEAK = YES;
				CLANG_WARN_BLOCK_CAPTURE_AUTORELEASING = YES;
				CLANG_WARN_BOOL_CONVERSION = YES;
				CLANG_WARN_COMMA = YES;
				CLANG_WARN_CONSTANT_CONVERSION = YES;
				CLANG_WARN_DEPRECATED_OBJC_IMPLEMENTATIONS = YES;
				CLANG_WARN_DIRECT_OBJC_ISA_USAGE = YES_ERROR;
				CLANG_WARN_DOCUMENTATION_COMMENTS = YES;
				CLANG_WARN_EMPTY_BODY = YES;
				CLANG_WARN_ENUM_CONVERSION = YES;
				CLANG_WARN_INFINITE_RECURSION = YES;
				CLANG_WARN_INT_CONVERSION = YES;
				CLANG_WARN_NON_LITERAL_NULL_CONVERSION = YES;
				CLANG_WARN_OBJC_IMPLICIT_RETAIN_SELF = YES;
				CLANG_WARN_OBJC_LITERAL_CONVERSION = YES;
				CLANG_WARN_OBJC_ROOT_CLASS = YES_ERROR;
				CLANG_WARN_QUOTED_INCLUDE_IN_FRAMEWORK_HEADER = YES;
				CLANG_WARN_RANGE_LOOP_ANALYSIS = YES;
				CLANG_WARN_STRICT_PROTOTYPES = YES;
				CLANG_WARN_SUSPICIOUS_MOVE = YES;
				CLANG_WARN_UNGUARDED_AVAILABILITY = YES_AGGRESSIVE;
				CLANG_WARN_UNREACHABLE_CODE = YES;
				CLANG_WARN__DUPLICATE_METHOD_MATCH = YES;
				COPY_PHASE_STRIP = NO;
				DEAD_CODE_STRIPPING = YES;
				DEBUG_INFORMATION_FORMAT = dwarf;
				ENABLE_STRICT_OBJC_MSGSEND = YES;
				ENABLE_TESTABILITY = YES;
				ENABLE_USER_SCRIPT_SANDBOXING = NO;
				GCC_C_LANGUAGE_STANDARD = gnu17;
				GCC_DYNAMIC_NO_PIC = NO;
				GCC_NO_COMMON_BLOCKS = YES;
				GCC_OPTIMIZATION_LEVEL = 0;
				GCC_PREPROCESSOR_DEFINITIONS = (
					"DEBUG=1",
					"$(inherited)",
				);
				GCC_WARN_64_TO_32_BIT_CONVERSION = YES;
				GCC_WARN_ABOUT_RETURN_TYPE = YES_ERROR;
				GCC_WARN_UNDECLARED_SELECTOR = YES;
				GCC_WARN_UNINITIALIZED_AUTOS = YES_AGGRESSIVE;
				GCC_WARN_UNUSED_FUNCTION = YES;
				GCC_WARN_UNUSED_VARIABLE = YES;
				LOCALIZATION_PREFERS_STRING_CATALOGS = YES;
				MACOSX_DEPLOYMENT_TARGET = 15.2;
				MTL_ENABLE_DEBUG_INFO = INCLUDE_SOURCE;
				MTL_FAST_MATH = YES;
				ONLY_ACTIVE_ARCH = YES;
				SDKROOT = macosx;
				SWIFT_ACTIVE_COMPILATION_CONDITIONS = "DEBUG $(inherited)";
				SWIFT_OPTIMIZATION_LEVEL = "-Onone";
			};
			name = Debug;
		};
		B3933B1D2D98475C00DDA4C2 /* Release */ = {
			isa = XCBuildConfiguration;
			buildSettings = {
				ALWAYS_SEARCH_USER_PATHS = NO;
				ASSETCATALOG_COMPILER_GENERATE_SWIFT_ASSET_SYMBOL_EXTENSIONS = YES;
				CLANG_ANALYZER_NONNULL = YES;
				CLANG_ANALYZER_NUMBER_OBJECT_CONVERSION = YES_AGGRESSIVE;
				CLANG_CXX_LANGUAGE_STANDARD = "gnu++20";
				CLANG_ENABLE_MODULES = YES;
				CLANG_ENABLE_OBJC_ARC = YES;
				CLANG_ENABLE_OBJC_WEAK = YES;
				CLANG_WARN_BLOCK_CAPTURE_AUTORELEASING = YES;
				CLANG_WARN_BOOL_CONVERSION = YES;
				CLANG_WARN_COMMA = YES;
				CLANG_WARN_CONSTANT_CONVERSION = YES;
				CLANG_WARN_DEPRECATED_OBJC_IMPLEMENTATIONS = YES;
				CLANG_WARN_DIRECT_OBJC_ISA_USAGE = YES_ERROR;
				CLANG_WARN_DOCUMENTATION_COMMENTS = YES;
				CLANG_WARN_EMPTY_BODY = YES;
				CLANG_WARN_ENUM_CONVERSION = YES;
				CLANG_WARN_INFINITE_RECURSION = YES;
				CLANG_WARN_INT_CONVERSION = YES;
				CLANG_WARN_NON_LITERAL_NULL_CONVERSION = YES;
				CLANG_WARN_OBJC_IMPLICIT_RETAIN_SELF = YES;
				CLANG_WARN_OBJC_LITERAL_CONVERSION = YES;
				CLANG_WARN_OBJC_ROOT_CLASS = YES_ERROR;
				CLANG_WARN_QUOTED_INCLUDE_IN_FRAMEWORK_HEADER = YES;
				CLANG_WARN_RANGE_LOOP_ANALYSIS = YES;
				CLANG_WARN_STRICT_PROTOTYPES = YES;
				CLANG_WARN_SUSPICIOUS_MOVE = YES;
				CLANG_WARN_UNGUARDED_AVAILABILITY = YES_AGGRESSIVE;
				CLANG_WARN_UNREACHABLE_CODE = YES;
				CLANG_WARN__DUPLICATE_METHOD_MATCH = YES;
				COPY_PHASE_STRIP = NO;
				DEAD_CODE_STRIPPING = YES;
				DEBUG_INFORMATION_FORMAT = "dwarf-with-dsym";
				ENABLE_NS_ASSERTIONS = NO;
				ENABLE_STRICT_OBJC_MSGSEND = YES;
				ENABLE_USER_SCRIPT_SANDBOXING = NO;
				GCC_C_LANGUAGE_STANDARD = gnu17;
				GCC_NO_COMMON_BLOCKS = YES;
				GCC_WARN_64_TO_32_BIT_CONVERSION = YES;
				GCC_WARN_ABOUT_RETURN_TYPE = YES_ERROR;
				GCC_WARN_UNDECLARED_SELECTOR = YES;
				GCC_WARN_UNINITIALIZED_AUTOS = YES_AGGRESSIVE;
				GCC_WARN_UNUSED_FUNCTION = YES;
				GCC_WARN_UNUSED_VARIABLE = YES;
				LOCALIZATION_PREFERS_STRING_CATALOGS = YES;
				MACOSX_DEPLOYMENT_TARGET = 15.2;
				MTL_ENABLE_DEBUG_INFO = NO;
				MTL_FAST_MATH = YES;
				SDKROOT = macosx;
				SWIFT_COMPILATION_MODE = wholemodule;
			};
			name = Release;
		};
		B3933B1F2D98475C00DDA4C2 /* Debug */ = {
			isa = XCBuildConfiguration;
			buildSettings = {
				ASSETCATALOG_COMPILER_APPICON_NAME = AppIcon;
				ASSETCATALOG_COMPILER_GLOBAL_ACCENT_COLOR_NAME = AccentColor;
				CODE_SIGN_ENTITLEMENTS = "";
				CODE_SIGN_STYLE = Automatic;
				COMBINE_HIDPI_IMAGES = YES;
				CURRENT_PROJECT_VERSION = 2;
				DEAD_CODE_STRIPPING = YES;
				DEVELOPMENT_ASSET_PATHS = "\"DragonShield/Preview Content\"";
				ENABLE_PREVIEWS = YES;
				GENERATE_INFOPLIST_FILE = YES;
				INFOPLIST_KEY_CFBundleDisplayName = "Dragon Shield";
				INFOPLIST_KEY_LSApplicationCategoryType = "public.app-category.finance";
				INFOPLIST_KEY_NSHumanReadableCopyright = "";
				LD_RUNPATH_SEARCH_PATHS = (
					"$(inherited)",
					"@executable_path/../Frameworks",
				);
				MARKETING_VERSION = 1.1;
				PRODUCT_BUNDLE_IDENTIFIER = com.rene.DragonShield;
				PRODUCT_NAME = "$(TARGET_NAME)";
				SWIFT_EMIT_LOC_STRINGS = YES;
				SWIFT_OBJC_BRIDGING_HEADER = "DragonShield/DragonShield-Bridging-Header.h";
				SWIFT_VERSION = 5.0;
			};
			name = Debug;
		};
		B3933B202D98475C00DDA4C2 /* Release */ = {
			isa = XCBuildConfiguration;
			buildSettings = {
				ASSETCATALOG_COMPILER_APPICON_NAME = AppIcon;
				ASSETCATALOG_COMPILER_GLOBAL_ACCENT_COLOR_NAME = AccentColor;
				CODE_SIGN_ENTITLEMENTS = "";
				CODE_SIGN_STYLE = Automatic;
				COMBINE_HIDPI_IMAGES = YES;
				CURRENT_PROJECT_VERSION = 2;
				DEAD_CODE_STRIPPING = YES;
				DEVELOPMENT_ASSET_PATHS = "\"DragonShield/Preview Content\"";
				ENABLE_PREVIEWS = YES;
				GENERATE_INFOPLIST_FILE = YES;
				INFOPLIST_KEY_CFBundleDisplayName = "Dragon Shield";
				INFOPLIST_KEY_LSApplicationCategoryType = "public.app-category.finance";
				INFOPLIST_KEY_NSHumanReadableCopyright = "";
				LD_RUNPATH_SEARCH_PATHS = (
					"$(inherited)",
					"@executable_path/../Frameworks",
				);
				MARKETING_VERSION = 1.1;
				PRODUCT_BUNDLE_IDENTIFIER = com.rene.DragonShield;
				PRODUCT_NAME = "$(TARGET_NAME)";
				SWIFT_EMIT_LOC_STRINGS = YES;
				SWIFT_OBJC_BRIDGING_HEADER = "DragonShield/DragonShield-Bridging-Header.h";
				SWIFT_VERSION = 5.0;
			};
			name = Release;
		};
/* End XCBuildConfiguration section */

/* Begin XCConfigurationList section */
		B3933B0A2D98475A00DDA4C2 /* Build configuration list for PBXProject "DragonShield" */ = {
			isa = XCConfigurationList;
			buildConfigurations = (
				B3933B1C2D98475C00DDA4C2 /* Debug */,
				B3933B1D2D98475C00DDA4C2 /* Release */,
			);
			defaultConfigurationIsVisible = 0;
			defaultConfigurationName = Release;
		};
		B3933B1E2D98475C00DDA4C2 /* Build configuration list for PBXNativeTarget "DragonShield" */ = {
			isa = XCConfigurationList;
			buildConfigurations = (
				B3933B1F2D98475C00DDA4C2 /* Debug */,
				B3933B202D98475C00DDA4C2 /* Release */,
			);
			defaultConfigurationIsVisible = 0;
			defaultConfigurationName = Release;
		};
/* End XCConfigurationList section */

/* Begin XCLocalSwiftPackageReference section */
                5EB12EB49B4E8E076C91388D /* XCLocalSwiftPackageReference "DragonShield" */ = {
                        isa = XCLocalSwiftPackageReference;
                        relativePath = "..";
                };
/* End XCLocalSwiftPackageReference section */

/* Begin XCRemoteSwiftPackageReference section */
                B3ECBDDE2DF4D581002110F4 /* XCRemoteSwiftPackageReference "SQLite.swift" */ = {
                        isa = XCRemoteSwiftPackageReference;
                        repositoryURL = "https://github.com/stephencelis/SQLite.swift.git";
                        requirement = {
				kind = upToNextMajorVersion;
				minimumVersion = 0.15.3;
			};
		};
/* End XCRemoteSwiftPackageReference section */

/* Begin XCSwiftPackageProductDependency section */
                26F183505F1CB422C026D74F /* Core */ = {
                        isa = XCSwiftPackageProductDependency;
                        package = 5EB12EB49B4E8E076C91388D /* XCLocalSwiftPackageReference "DragonShield" */;
                        productName = Core;
                };
                B3ECBDDF2DF4D581002110F4 /* SQLite */ = {
                        isa = XCSwiftPackageProductDependency;
                        package = B3ECBDDE2DF4D581002110F4 /* XCRemoteSwiftPackageReference "SQLite.swift" */;
                        productName = SQLite;
                };
/* End XCSwiftPackageProductDependency section */
	};
	rootObject = B3933B072D98475A00DDA4C2 /* Project object */;
}
